
Microsoft Visual Studio Solution File, Format Version 12.00
# Visual Studio Version 17
VisualStudioVersion = 17.8.34322.80
MinimumVisualStudioVersion = 10.0.40219.1
Project("{9A19103F-16F7-4668-BE54-9A1E7A4F7556}") = "GHIElectronics.Endpoint.Drivers.FocalTech.FT5xx6", "FocalTech\GHIElectronics.Endpoint.Drivers.FocalTech.FT5xx6\GHIElectronics.Endpoint.Drivers.FocalTech.FT5xx6.csproj", "{0800CBB7-317D-40A9-A083-1EBC81C1E630}"
EndProject
Project("{9A19103F-16F7-4668-BE54-9A1E7A4F7556}") = "GHIElectronics.Endpoint.Drivers.WS2812Controller", "Worldsemi\GHIElectronics.Endpoint.Drivers.WS2812Controller\GHIElectronics.Endpoint.Drivers.WS2812Controller.csproj", "{1BACB6B5-20A9-4679-974C-DD017EF71722}"
EndProject
Project("{9A19103F-16F7-4668-BE54-9A1E7A4F7556}") = "GHIElectronics.Endpoint.Drivers.Omnivision.OV5640", "Omnivision\GHIElectronics.Endpoint.Drivers.Omnivision.OV5640\GHIElectronics.Endpoint.Drivers.Omnivision.OV5640.csproj", "{B00222FF-6D52-47B7-87A7-1732552AA906}"
EndProject
Project("{9A19103F-16F7-4668-BE54-9A1E7A4F7556}") = "GHIElectronics.Endpoint.Drivers.Avalonia.Input", "Avalonia\GHIElectronics.Endpoint.Drivers.Avalonia.Input\GHIElectronics.Endpoint.Drivers.Avalonia.Input.csproj", "{722D2551-B503-4662-A614-A6167480E89C}"
EndProject
Project("{9A19103F-16F7-4668-BE54-9A1E7A4F7556}") = "GHIElectronics.Endpoint.Drivers.Sitronix.ST7735", "Sitronix\GHIElectronics.Endpoint.Drivers.Sitronix.ST7735\GHIElectronics.Endpoint.Drivers.Sitronix.ST7735.csproj", "{C098A727-3ACB-4C75-91FA-84BB44FDB8D7}"
EndProject
Project("{9A19103F-16F7-4668-BE54-9A1E7A4F7556}") = "GHIElectronics.Endpoint.Drivers.VirtualKeyboard", "VirtualKeyboard\GHIElectronics.Endpoint.Drivers.VirtualKeyboard\GHIElectronics.Endpoint.Drivers.VirtualKeyboard.csproj", "{065ED0F3-543C-4010-AEAA-FD08EDB1D8CC}"
EndProject
Project("{FAE04EC0-301F-11D3-BF4B-00C04F79EFBC}") = "GHIElectronics.Endpoint.Drivers.Bluetooth", "Bluetooth\GHIElectronics.Endpoint.Drivers.Bluetooth\GHIElectronics.Endpoint.Drivers.Bluetooth.csproj", "{7D56EBC1-EE0D-494A-9079-9591DA51F8B8}"
EndProject
Global
	GlobalSection(SolutionConfigurationPlatforms) = preSolution
		Debug|Any CPU = Debug|Any CPU
		Release|Any CPU = Release|Any CPU
	EndGlobalSection
	GlobalSection(ProjectConfigurationPlatforms) = postSolution
		{0800CBB7-317D-40A9-A083-1EBC81C1E630}.Debug|Any CPU.ActiveCfg = Debug|Any CPU
		{0800CBB7-317D-40A9-A083-1EBC81C1E630}.Debug|Any CPU.Build.0 = Debug|Any CPU
		{0800CBB7-317D-40A9-A083-1EBC81C1E630}.Release|Any CPU.ActiveCfg = Release|Any CPU
		{0800CBB7-317D-40A9-A083-1EBC81C1E630}.Release|Any CPU.Build.0 = Release|Any CPU
		{1BACB6B5-20A9-4679-974C-DD017EF71722}.Debug|Any CPU.ActiveCfg = Debug|Any CPU
		{1BACB6B5-20A9-4679-974C-DD017EF71722}.Debug|Any CPU.Build.0 = Debug|Any CPU
		{1BACB6B5-20A9-4679-974C-DD017EF71722}.Release|Any CPU.ActiveCfg = Release|Any CPU
		{1BACB6B5-20A9-4679-974C-DD017EF71722}.Release|Any CPU.Build.0 = Release|Any CPU
		{B00222FF-6D52-47B7-87A7-1732552AA906}.Debug|Any CPU.ActiveCfg = Debug|Any CPU
		{B00222FF-6D52-47B7-87A7-1732552AA906}.Debug|Any CPU.Build.0 = Debug|Any CPU
		{B00222FF-6D52-47B7-87A7-1732552AA906}.Release|Any CPU.ActiveCfg = Release|Any CPU
		{B00222FF-6D52-47B7-87A7-1732552AA906}.Release|Any CPU.Build.0 = Release|Any CPU
		{722D2551-B503-4662-A614-A6167480E89C}.Debug|Any CPU.ActiveCfg = Debug|Any CPU
		{722D2551-B503-4662-A614-A6167480E89C}.Debug|Any CPU.Build.0 = Debug|Any CPU
		{722D2551-B503-4662-A614-A6167480E89C}.Release|Any CPU.ActiveCfg = Release|Any CPU
		{722D2551-B503-4662-A614-A6167480E89C}.Release|Any CPU.Build.0 = Release|Any CPU
		{C098A727-3ACB-4C75-91FA-84BB44FDB8D7}.Debug|Any CPU.ActiveCfg = Debug|Any CPU
		{C098A727-3ACB-4C75-91FA-84BB44FDB8D7}.Debug|Any CPU.Build.0 = Debug|Any CPU
		{C098A727-3ACB-4C75-91FA-84BB44FDB8D7}.Release|Any CPU.ActiveCfg = Release|Any CPU
		{C098A727-3ACB-4C75-91FA-84BB44FDB8D7}.Release|Any CPU.Build.0 = Release|Any CPU
		{065ED0F3-543C-4010-AEAA-FD08EDB1D8CC}.Debug|Any CPU.ActiveCfg = Debug|Any CPU
		{065ED0F3-543C-4010-AEAA-FD08EDB1D8CC}.Debug|Any CPU.Build.0 = Debug|Any CPU
		{065ED0F3-543C-4010-AEAA-FD08EDB1D8CC}.Release|Any CPU.ActiveCfg = Release|Any CPU
		{065ED0F3-543C-4010-AEAA-FD08EDB1D8CC}.Release|Any CPU.Build.0 = Release|Any CPU
		{7D56EBC1-EE0D-494A-9079-9591DA51F8B8}.Debug|Any CPU.ActiveCfg = Debug|Any CPU
		{7D56EBC1-EE0D-494A-9079-9591DA51F8B8}.Debug|Any CPU.Build.0 = Debug|Any CPU
		{7D56EBC1-EE0D-494A-9079-9591DA51F8B8}.Release|Any CPU.ActiveCfg = Release|Any CPU
		{7D56EBC1-EE0D-494A-9079-9591DA51F8B8}.Release|Any CPU.Build.0 = Release|Any CPU
	EndGlobalSection
	GlobalSection(SolutionProperties) = preSolution
		HideSolutionNode = FALSE
	EndGlobalSection
	GlobalSection(ExtensibilityGlobals) = postSolution
		SolutionGuid = {251A7F8C-9FF6-422B-9532-A53493F17355}
	EndGlobalSection
EndGlobal
